
Microsoft Visual Studio Solution File, Format Version 12.00
# Visual Studio Version 17
VisualStudioVersion = 17.7.34024.191
MinimumVisualStudioVersion = 10.0.40219.1
Project("{FAE04EC0-301F-11D3-BF4B-00C04F79EFBC}") = "Coba", "Coba\Coba.csproj", "{24B5B882-E62D-4CD9-A7B0-09A0F09B4765}"
EndProject
Global
	GlobalSection(SolutionConfigurationPlatforms) = preSolution
		Debug|Any CPU = Debug|Any CPU
		Release|Any CPU = Release|Any CPU
	EndGlobalSection
	GlobalSection(ProjectConfigurationPlatforms) = postSolution
		{24B5B882-E62D-4CD9-A7B0-09A0F09B4765}.Debug|Any CPU.ActiveCfg = Debug|Any CPU
		{24B5B882-E62D-4CD9-A7B0-09A0F09B4765}.Debug|Any CPU.Build.0 = Debug|Any CPU
		{24B5B882-E62D-4CD9-A7B0-09A0F09B4765}.Release|Any CPU.ActiveCfg = Release|Any CPU
		{24B5B882-E62D-4CD9-A7B0-09A0F09B4765}.Release|Any CPU.Build.0 = Release|Any CPU
	EndGlobalSection
	GlobalSection(SolutionProperties) = preSolution
		HideSolutionNode = FALSE
	EndGlobalSection
	GlobalSection(ExtensibilityGlobals) = postSolution
		SolutionGuid = {75FD4DBA-61B4-42CA-A58F-5E5728AFE08E}
	EndGlobalSection
EndGlobal
